
Microsoft Visual Studio Solution File, Format Version 12.00
# Visual Studio Version 17
VisualStudioVersion = 17.12.35527.113
MinimumVisualStudioVersion = 10.0.40219.1
Project("{2150E333-8FDC-42A3-9474-1A3956D46DE8}") = "src", "src", "{4F18638C-6DBE-48EC-A529-E695C7EAD3E0}"
EndProject
Project("{FAE04EC0-301F-11D3-BF4B-00C04F79EFBC}") = "Zeeyo.Api", "src\Zeeyo.Api\Zeeyo.Api.csproj", "{4F668F85-8B4B-48BC-A006-6E98F879897B}"
EndProject
Project("{FAE04EC0-301F-11D3-BF4B-00C04F79EFBC}") = "Zeeyo.Data", "src\Zeeyo.Data\Zeeyo.Data.csproj", "{79C3455D-0299-4DC5-A441-33DA5621D4DE}"
EndProject
Project("{FAE04EC0-301F-11D3-BF4B-00C04F79EFBC}") = "Zeeyo.Service", "src\Zeeyo.Service\Zeeyo.Service.csproj", "{1CCD4020-19A4-43DB-B265-86F5F1DA73D7}"
EndProject
Project("{FAE04EC0-301F-11D3-BF4B-00C04F79EFBC}") = "Zeeyo.Domain", "src\Zeeyo.Domain\Zeeyo.Domain.csproj", "{5E48E0B2-D614-423F-B5B9-716D6907FA2E}"
EndProject
Global
	GlobalSection(SolutionConfigurationPlatforms) = preSolution
		Debug|Any CPU = Debug|Any CPU
		Release|Any CPU = Release|Any CPU
	EndGlobalSection
	GlobalSection(ProjectConfigurationPlatforms) = postSolution
		{4F668F85-8B4B-48BC-A006-6E98F879897B}.Debug|Any CPU.ActiveCfg = Debug|Any CPU
		{4F668F85-8B4B-48BC-A006-6E98F879897B}.Debug|Any CPU.Build.0 = Debug|Any CPU
		{4F668F85-8B4B-48BC-A006-6E98F879897B}.Release|Any CPU.ActiveCfg = Release|Any CPU
		{4F668F85-8B4B-48BC-A006-6E98F879897B}.Release|Any CPU.Build.0 = Release|Any CPU
		{79C3455D-0299-4DC5-A441-33DA5621D4DE}.Debug|Any CPU.ActiveCfg = Debug|Any CPU
		{79C3455D-0299-4DC5-A441-33DA5621D4DE}.Debug|Any CPU.Build.0 = Debug|Any CPU
		{79C3455D-0299-4DC5-A441-33DA5621D4DE}.Release|Any CPU.ActiveCfg = Release|Any CPU
		{79C3455D-0299-4DC5-A441-33DA5621D4DE}.Release|Any CPU.Build.0 = Release|Any CPU
		{1CCD4020-19A4-43DB-B265-86F5F1DA73D7}.Debug|Any CPU.ActiveCfg = Debug|Any CPU
		{1CCD4020-19A4-43DB-B265-86F5F1DA73D7}.Debug|Any CPU.Build.0 = Debug|Any CPU
		{1CCD4020-19A4-43DB-B265-86F5F1DA73D7}.Release|Any CPU.ActiveCfg = Release|Any CPU
		{1CCD4020-19A4-43DB-B265-86F5F1DA73D7}.Release|Any CPU.Build.0 = Release|Any CPU
		{5E48E0B2-D614-423F-B5B9-716D6907FA2E}.Debug|Any CPU.ActiveCfg = Debug|Any CPU
		{5E48E0B2-D614-423F-B5B9-716D6907FA2E}.Debug|Any CPU.Build.0 = Debug|Any CPU
		{5E48E0B2-D614-423F-B5B9-716D6907FA2E}.Release|Any CPU.ActiveCfg = Release|Any CPU
		{5E48E0B2-D614-423F-B5B9-716D6907FA2E}.Release|Any CPU.Build.0 = Release|Any CPU
	EndGlobalSection
	GlobalSection(SolutionProperties) = preSolution
		HideSolutionNode = FALSE
	EndGlobalSection
	GlobalSection(NestedProjects) = preSolution
		{4F668F85-8B4B-48BC-A006-6E98F879897B} = {4F18638C-6DBE-48EC-A529-E695C7EAD3E0}
		{79C3455D-0299-4DC5-A441-33DA5621D4DE} = {4F18638C-6DBE-48EC-A529-E695C7EAD3E0}
		{1CCD4020-19A4-43DB-B265-86F5F1DA73D7} = {4F18638C-6DBE-48EC-A529-E695C7EAD3E0}
		{5E48E0B2-D614-423F-B5B9-716D6907FA2E} = {4F18638C-6DBE-48EC-A529-E695C7EAD3E0}
	EndGlobalSection
EndGlobal
